
Microsoft Visual Studio Solution File, Format Version 12.00
# Visual Studio 15
VisualStudioVersion = 15.0.27703.2026
MinimumVisualStudioVersion = 10.0.40219.1
Project("{FAE04EC0-301F-11D3-BF4B-00C04F79EFBC}") = "ShippingContainerSpoilage.WebApi", "ShippingContainerSpoilage.WebApi\ShippingContainerSpoilage.WebApi.csproj", "{B992F2B9-9040-4ACC-B781-47F1FFF64C6F}"
EndProject
Project("{FAE04EC0-301F-11D3-BF4B-00C04F79EFBC}") = "ShippingContainerSpoilage.Tests", "ShippingContainerSpoilage.Tests\ShippingContainerSpoilage.Tests.csproj", "{AF943950-C96D-4102-B06D-8DC5527B160D}"
EndProject
Project("{00D1A9C2-B5F0-4AF3-8072-F6C62B433612}") = "Database", "Database\Database.sqlproj", "{E1A9A739-57EF-44B7-A042-418555B9EB47}"
EndProject
Project("{FAE04EC0-301F-11D3-BF4B-00C04F79EFBC}") = "GenerateTestInput", "GenerateTestInput\GenerateTestInput.csproj", "{ADE6E876-A9CB-4EF9-8C99-A82C65B1473A}"
EndProject
Global
	GlobalSection(SolutionConfigurationPlatforms) = preSolution
		Debug|Any CPU = Debug|Any CPU
		Release|Any CPU = Release|Any CPU
	EndGlobalSection
	GlobalSection(ProjectConfigurationPlatforms) = postSolution
		{B992F2B9-9040-4ACC-B781-47F1FFF64C6F}.Debug|Any CPU.ActiveCfg = Debug|Any CPU
		{B992F2B9-9040-4ACC-B781-47F1FFF64C6F}.Debug|Any CPU.Build.0 = Debug|Any CPU
		{B992F2B9-9040-4ACC-B781-47F1FFF64C6F}.Release|Any CPU.ActiveCfg = Release|Any CPU
		{B992F2B9-9040-4ACC-B781-47F1FFF64C6F}.Release|Any CPU.Build.0 = Release|Any CPU
		{AF943950-C96D-4102-B06D-8DC5527B160D}.Debug|Any CPU.ActiveCfg = Debug|Any CPU
		{AF943950-C96D-4102-B06D-8DC5527B160D}.Debug|Any CPU.Build.0 = Debug|Any CPU
		{AF943950-C96D-4102-B06D-8DC5527B160D}.Release|Any CPU.ActiveCfg = Release|Any CPU
		{AF943950-C96D-4102-B06D-8DC5527B160D}.Release|Any CPU.Build.0 = Release|Any CPU
		{E1A9A739-57EF-44B7-A042-418555B9EB47}.Debug|Any CPU.ActiveCfg = Debug|Any CPU
		{E1A9A739-57EF-44B7-A042-418555B9EB47}.Debug|Any CPU.Build.0 = Debug|Any CPU
		{E1A9A739-57EF-44B7-A042-418555B9EB47}.Debug|Any CPU.Deploy.0 = Debug|Any CPU
		{E1A9A739-57EF-44B7-A042-418555B9EB47}.Release|Any CPU.ActiveCfg = Release|Any CPU
		{E1A9A739-57EF-44B7-A042-418555B9EB47}.Release|Any CPU.Build.0 = Release|Any CPU
		{E1A9A739-57EF-44B7-A042-418555B9EB47}.Release|Any CPU.Deploy.0 = Release|Any CPU
		{ADE6E876-A9CB-4EF9-8C99-A82C65B1473A}.Debug|Any CPU.ActiveCfg = Debug|Any CPU
		{ADE6E876-A9CB-4EF9-8C99-A82C65B1473A}.Debug|Any CPU.Build.0 = Debug|Any CPU
		{ADE6E876-A9CB-4EF9-8C99-A82C65B1473A}.Release|Any CPU.ActiveCfg = Release|Any CPU
		{ADE6E876-A9CB-4EF9-8C99-A82C65B1473A}.Release|Any CPU.Build.0 = Release|Any CPU
	EndGlobalSection
	GlobalSection(SolutionProperties) = preSolution
		HideSolutionNode = FALSE
	EndGlobalSection
	GlobalSection(ExtensibilityGlobals) = postSolution
		SolutionGuid = {7B26FD63-76D5-436E-AF5A-15FCAEF31953}
	EndGlobalSection
EndGlobal
